// !$*UTF8*$!
{
	archiveVersion = 1;
	classes = {
	};
	objectVersion = 46;
	objects = {

/* Begin PBXBuildFile section */
		EA4D01B21C9FD5A7009A73F7 /* main.m in Sources */ = {isa = PBXBuildFile; fileRef = EA4D01B11C9FD5A7009A73F7 /* main.m */; };
		EA4D01B51C9FD5A7009A73F7 /* AppDelegate.m in Sources */ = {isa = PBXBuildFile; fileRef = EA4D01B41C9FD5A7009A73F7 /* AppDelegate.m */; };
		EA4D01B81C9FD5A7009A73F7 /* ViewController.m in Sources */ = {isa = PBXBuildFile; fileRef = EA4D01B71C9FD5A7009A73F7 /* ViewController.m */; };
		EA4D01BB1C9FD5A7009A73F7 /* Main.storyboard in Resources */ = {isa = PBXBuildFile; fileRef = EA4D01B91C9FD5A7009A73F7 /* Main.storyboard */; };
		EA4D01BD1C9FD5A7009A73F7 /* Assets.xcassets in Resources */ = {isa = PBXBuildFile; fileRef = EA4D01BC1C9FD5A7009A73F7 /* Assets.xcassets */; };
		EA4D01C01C9FD5A7009A73F7 /* LaunchScreen.storyboard in Resources */ = {isa = PBXBuildFile; fileRef = EA4D01BE1C9FD5A7009A73F7 /* LaunchScreen.storyboard */; };
		EA4D026A1C9FD979009A73F7 /* NSString+NSStringEx.m in Sources */ = {isa = PBXBuildFile; fileRef = EA4D02381C9FD979009A73F7 /* NSString+NSStringEx.m */; };
		EA4D026B1C9FD979009A73F7 /* FLYFormDatePickerCell.m in Sources */ = {isa = PBXBuildFile; fileRef = EA4D023B1C9FD979009A73F7 /* FLYFormDatePickerCell.m */; };
		EA4D026C1C9FD979009A73F7 /* FLYFormGeneralCell.m in Sources */ = {isa = PBXBuildFile; fileRef = EA4D023D1C9FD979009A73F7 /* FLYFormGeneralCell.m */; };
		EA4D026D1C9FD979009A73F7 /* FLYFormInputCell.m in Sources */ = {isa = PBXBuildFile; fileRef = EA4D023F1C9FD979009A73F7 /* FLYFormInputCell.m */; };
		EA4D026E1C9FD979009A73F7 /* FLYFormPickerCell.m in Sources */ = {isa = PBXBuildFile; fileRef = EA4D02411C9FD979009A73F7 /* FLYFormPickerCell.m */; };
		EA4D02741C9FD979009A73F7 /* FLYTableViewCell.m in Sources */ = {isa = PBXBuildFile; fileRef = EA4D024D1C9FD979009A73F7 /* FLYTableViewCell.m */; };
		EA4D02751C9FD979009A73F7 /* XJNumCell.m in Sources */ = {isa = PBXBuildFile; fileRef = EA4D024F1C9FD979009A73F7 /* XJNumCell.m */; };
		EA4D02781C9FD979009A73F7 /* FLYForm.m in Sources */ = {isa = PBXBuildFile; fileRef = EA4D02531C9FD979009A73F7 /* FLYForm.m */; };
		EA4D02791C9FD979009A73F7 /* FLYForm.OptionSingleData.plist in Resources */ = {isa = PBXBuildFile; fileRef = EA4D02541C9FD979009A73F7 /* FLYForm.OptionSingleData.plist */; };
		EA4D027D1C9FD979009A73F7 /* FLYForm.xml in Resources */ = {isa = PBXBuildFile; fileRef = EA4D02581C9FD979009A73F7 /* FLYForm.xml */; };
		EA4D027E1C9FD979009A73F7 /* FLYFormTableController.m in Sources */ = {isa = PBXBuildFile; fileRef = EA4D025A1C9FD979009A73F7 /* FLYFormTableController.m */; };
		EA4D027F1C9FD979009A73F7 /* FLYCellModel.m in Sources */ = {isa = PBXBuildFile; fileRef = EA4D025D1C9FD979009A73F7 /* FLYCellModel.m */; };
		EA4D02801C9FD979009A73F7 /* FLYFormModel.m in Sources */ = {isa = PBXBuildFile; fileRef = EA4D025F1C9FD979009A73F7 /* FLYFormModel.m */; };
		EA4D02811C9FD979009A73F7 /* FLYSectionModel.m in Sources */ = {isa = PBXBuildFile; fileRef = EA4D02611C9FD979009A73F7 /* FLYSectionModel.m */; };
		EA4D02821C9FD979009A73F7 /* FLYFormParser.m in Sources */ = {isa = PBXBuildFile; fileRef = EA4D02641C9FD979009A73F7 /* FLYFormParser.m */; };
		EA4D02831C9FD979009A73F7 /* TBXML.m in Sources */ = {isa = PBXBuildFile; fileRef = EA4D02661C9FD979009A73F7 /* TBXML.m */; };
		EA4D02861C9FDD0B009A73F7 /* UIColor+Hex.m in Sources */ = {isa = PBXBuildFile; fileRef = EA4D02851C9FDD0B009A73F7 /* UIColor+Hex.m */; };
		EA4D02C91C9FE64A009A73F7 /* HJCAdjustNumButton.bundle in Resources */ = {isa = PBXBuildFile; fileRef = EA4D02AD1C9FE64A009A73F7 /* HJCAdjustNumButton.bundle */; };
		EA4D02CA1C9FE64A009A73F7 /* HJCAjustNumButton.m in Sources */ = {isa = PBXBuildFile; fileRef = EA4D02AF1C9FE64A009A73F7 /* HJCAjustNumButton.m */; };
		EA4D02CB1C9FE64A009A73F7 /* Info.plist in Resources */ = {isa = PBXBuildFile; fileRef = EA4D02B11C9FE64A009A73F7 /* Info.plist */; };
		EA4D02CC1C9FE64A009A73F7 /* MASCompositeConstraint.m in Sources */ = {isa = PBXBuildFile; fileRef = EA4D02B31C9FE64A009A73F7 /* MASCompositeConstraint.m */; };
		EA4D02CD1C9FE64A009A73F7 /* MASConstraint.m in Sources */ = {isa = PBXBuildFile; fileRef = EA4D02B61C9FE64A009A73F7 /* MASConstraint.m */; };
		EA4D02CE1C9FE64A009A73F7 /* MASConstraintMaker.m in Sources */ = {isa = PBXBuildFile; fileRef = EA4D02B81C9FE64A009A73F7 /* MASConstraintMaker.m */; };
		EA4D02CF1C9FE64A009A73F7 /* MASLayoutConstraint.m in Sources */ = {isa = PBXBuildFile; fileRef = EA4D02BA1C9FE64A009A73F7 /* MASLayoutConstraint.m */; };
		EA4D02D01C9FE64A009A73F7 /* MASViewAttribute.m in Sources */ = {isa = PBXBuildFile; fileRef = EA4D02BE1C9FE64A009A73F7 /* MASViewAttribute.m */; };
		EA4D02D11C9FE64A009A73F7 /* MASViewConstraint.m in Sources */ = {isa = PBXBuildFile; fileRef = EA4D02C01C9FE64A009A73F7 /* MASViewConstraint.m */; };
		EA4D02D21C9FE64A009A73F7 /* NSArray+MASAdditions.m in Sources */ = {isa = PBXBuildFile; fileRef = EA4D02C21C9FE64A009A73F7 /* NSArray+MASAdditions.m */; };
		EA4D02D31C9FE64A009A73F7 /* NSLayoutConstraint+MASDebugAdditions.m in Sources */ = {isa = PBXBuildFile; fileRef = EA4D02C51C9FE64A009A73F7 /* NSLayoutConstraint+MASDebugAdditions.m */; };
		EA4D02D41C9FE64A009A73F7 /* View+MASAdditions.m in Sources */ = {isa = PBXBuildFile; fileRef = EA4D02C71C9FE64A009A73F7 /* View+MASAdditions.m */; };
		EA4D02EA1CA01CEE009A73F7 /* FLYValidateCard.m in Sources */ = {isa = PBXBuildFile; fileRef = EA4D02D71CA01CEE009A73F7 /* FLYValidateCard.m */; };
		EA4D02EB1CA01CEE009A73F7 /* FLYValidateCarNo.m in Sources */ = {isa = PBXBuildFile; fileRef = EA4D02D91CA01CEE009A73F7 /* FLYValidateCarNo.m */; };
		EA4D02EC1CA01CEE009A73F7 /* FLYValidateDecimals.m in Sources */ = {isa = PBXBuildFile; fileRef = EA4D02DB1CA01CEE009A73F7 /* FLYValidateDecimals.m */; };
		EA4D02ED1CA01CEE009A73F7 /* FLYValidateEmail.m in Sources */ = {isa = PBXBuildFile; fileRef = EA4D02DD1CA01CEE009A73F7 /* FLYValidateEmail.m */; };
		EA4D02EE1CA01CEE009A73F7 /* FLYValidateMobile.m in Sources */ = {isa = PBXBuildFile; fileRef = EA4D02DF1CA01CEE009A73F7 /* FLYValidateMobile.m */; };
		EA4D02EF1CA01CEE009A73F7 /* FLYValidateMust.m in Sources */ = {isa = PBXBuildFile; fileRef = EA4D02E11CA01CEE009A73F7 /* FLYValidateMust.m */; };
		EA4D02F01CA01CEE009A73F7 /* FLYValidateNumber.m in Sources */ = {isa = PBXBuildFile; fileRef = EA4D02E31CA01CEE009A73F7 /* FLYValidateNumber.m */; };
		EA4D02F11CA01CEE009A73F7 /* FLYValidateQQ.m in Sources */ = {isa = PBXBuildFile; fileRef = EA4D02E51CA01CEE009A73F7 /* FLYValidateQQ.m */; };
		EA4D02F21CA01CEE009A73F7 /* FLYValidateTel.m in Sources */ = {isa = PBXBuildFile; fileRef = EA4D02E71CA01CEE009A73F7 /* FLYValidateTel.m */; };
		EA4D02F31CA01CEE009A73F7 /* FLYValidateURL.m in Sources */ = {isa = PBXBuildFile; fileRef = EA4D02E91CA01CEE009A73F7 /* FLYValidateURL.m */; };
		EA4D02F61CA0D94D009A73F7 /* DefaultSection.m in Sources */ = {isa = PBXBuildFile; fileRef = EA4D02F51CA0D94D009A73F7 /* DefaultSection.m */; };
		EA4D02F91CA0DAC5009A73F7 /* SaveSectionView.m in Sources */ = {isa = PBXBuildFile; fileRef = EA4D02F81CA0DAC5009A73F7 /* SaveSectionView.m */; };
/* End PBXBuildFile section */

/* Begin PBXFileReference section */
		EA4D01AD1C9FD5A7009A73F7 /* FlyFormDemo.app */ = {isa = PBXFileReference; explicitFileType = wrapper.application; includeInIndex = 0; path = FlyFormDemo.app; sourceTree = BUILT_PRODUCTS_DIR; };
		EA4D01B11C9FD5A7009A73F7 /* main.m */ = {isa = PBXFileReference; lastKnownFileType = sourcecode.c.objc; path = main.m; sourceTree = "<group>"; };
		EA4D01B31C9FD5A7009A73F7 /* AppDelegate.h */ = {isa = PBXFileReference; lastKnownFileType = sourcecode.c.h; path = AppDelegate.h; sourceTree = "<group>"; };
		EA4D01B41C9FD5A7009A73F7 /* AppDelegate.m */ = {isa = PBXFileReference; lastKnownFileType = sourcecode.c.objc; path = AppDelegate.m; sourceTree = "<group>"; };
		EA4D01B61C9FD5A7009A73F7 /* ViewController.h */ = {isa = PBXFileReference; lastKnownFileType = sourcecode.c.h; path = ViewController.h; sourceTree = "<group>"; };
		EA4D01B71C9FD5A7009A73F7 /* ViewController.m */ = {isa = PBXFileReference; lastKnownFileType = sourcecode.c.objc; path = ViewController.m; sourceTree = "<group>"; };
		EA4D01BA1C9FD5A7009A73F7 /* Base */ = {isa = PBXFileReference; lastKnownFileType = file.storyboard; name = Base; path = Base.lproj/Main.storyboard; sourceTree = "<group>"; };
		EA4D01BC1C9FD5A7009A73F7 /* Assets.xcassets */ = {isa = PBXFileReference; lastKnownFileType = folder.assetcatalog; path = Assets.xcassets; sourceTree = "<group>"; };
		EA4D01BF1C9FD5A7009A73F7 /* Base */ = {isa = PBXFileReference; lastKnownFileType = file.storyboard; name = Base; path = Base.lproj/LaunchScreen.storyboard; sourceTree = "<group>"; };
		EA4D01C11C9FD5A7009A73F7 /* Info.plist */ = {isa = PBXFileReference; lastKnownFileType = text.plist.xml; path = Info.plist; sourceTree = "<group>"; };
		EA4D02371C9FD979009A73F7 /* NSString+NSStringEx.h */ = {isa = PBXFileReference; fileEncoding = 4; lastKnownFileType = sourcecode.c.h; path = "NSString+NSStringEx.h"; sourceTree = "<group>"; };
		EA4D02381C9FD979009A73F7 /* NSString+NSStringEx.m */ = {isa = PBXFileReference; fileEncoding = 4; lastKnownFileType = sourcecode.c.objc; path = "NSString+NSStringEx.m"; sourceTree = "<group>"; };
		EA4D023A1C9FD979009A73F7 /* FLYFormDatePickerCell.h */ = {isa = PBXFileReference; fileEncoding = 4; lastKnownFileType = sourcecode.c.h; path = FLYFormDatePickerCell.h; sourceTree = "<group>"; };
		EA4D023B1C9FD979009A73F7 /* FLYFormDatePickerCell.m */ = {isa = PBXFileReference; fileEncoding = 4; lastKnownFileType = sourcecode.c.objc; path = FLYFormDatePickerCell.m; sourceTree = "<group>"; };
		EA4D023C1C9FD979009A73F7 /* FLYFormGeneralCell.h */ = {isa = PBXFileReference; fileEncoding = 4; lastKnownFileType = sourcecode.c.h; path = FLYFormGeneralCell.h; sourceTree = "<group>"; };
		EA4D023D1C9FD979009A73F7 /* FLYFormGeneralCell.m */ = {isa = PBXFileReference; fileEncoding = 4; lastKnownFileType = sourcecode.c.objc; path = FLYFormGeneralCell.m; sourceTree = "<group>"; };
		EA4D023E1C9FD979009A73F7 /* FLYFormInputCell.h */ = {isa = PBXFileReference; fileEncoding = 4; lastKnownFileType = sourcecode.c.h; path = FLYFormInputCell.h; sourceTree = "<group>"; };
		EA4D023F1C9FD979009A73F7 /* FLYFormInputCell.m */ = {isa = PBXFileReference; fileEncoding = 4; lastKnownFileType = sourcecode.c.objc; path = FLYFormInputCell.m; sourceTree = "<group>"; };
		EA4D02401C9FD979009A73F7 /* FLYFormPickerCell.h */ = {isa = PBXFileReference; fileEncoding = 4; lastKnownFileType = sourcecode.c.h; path = FLYFormPickerCell.h; sourceTree = "<group>"; };
		EA4D02411C9FD979009A73F7 /* FLYFormPickerCell.m */ = {isa = PBXFileReference; fileEncoding = 4; lastKnownFileType = sourcecode.c.objc; path = FLYFormPickerCell.m; sourceTree = "<group>"; };
		EA4D024C1C9FD979009A73F7 /* FLYTableViewCell.h */ = {isa = PBXFileReference; fileEncoding = 4; lastKnownFileType = sourcecode.c.h; path = FLYTableViewCell.h; sourceTree = "<group>"; };
		EA4D024D1C9FD979009A73F7 /* FLYTableViewCell.m */ = {isa = PBXFileReference; fileEncoding = 4; lastKnownFileType = sourcecode.c.objc; path = FLYTableViewCell.m; sourceTree = "<group>"; };
		EA4D024E1C9FD979009A73F7 /* XJNumCell.h */ = {isa = PBXFileReference; fileEncoding = 4; lastKnownFileType = sourcecode.c.h; path = XJNumCell.h; sourceTree = "<group>"; };
		EA4D024F1C9FD979009A73F7 /* XJNumCell.m */ = {isa = PBXFileReference; fileEncoding = 4; lastKnownFileType = sourcecode.c.objc; path = XJNumCell.m; sourceTree = "<group>"; };
		EA4D02511C9FD979009A73F7 /* FLYForm.h */ = {isa = PBXFileReference; fileEncoding = 4; lastKnownFileType = sourcecode.c.h; path = FLYForm.h; sourceTree = "<group>"; };
		EA4D02531C9FD979009A73F7 /* FLYForm.m */ = {isa = PBXFileReference; fileEncoding = 4; lastKnownFileType = sourcecode.c.objc; path = FLYForm.m; sourceTree = "<group>"; };
		EA4D02541C9FD979009A73F7 /* FLYForm.OptionSingleData.plist */ = {isa = PBXFileReference; fileEncoding = 4; lastKnownFileType = text.plist.xml; path = FLYForm.OptionSingleData.plist; sourceTree = "<group>"; };
		EA4D02581C9FD979009A73F7 /* FLYForm.xml */ = {isa = PBXFileReference; fileEncoding = 4; lastKnownFileType = text.xml; path = FLYForm.xml; sourceTree = "<group>"; };
		EA4D02591C9FD979009A73F7 /* FLYFormTableController.h */ = {isa = PBXFileReference; fileEncoding = 4; lastKnownFileType = sourcecode.c.h; path = FLYFormTableController.h; sourceTree = "<group>"; };
		EA4D025A1C9FD979009A73F7 /* FLYFormTableController.m */ = {isa = PBXFileReference; fileEncoding = 4; lastKnownFileType = sourcecode.c.objc; path = FLYFormTableController.m; sourceTree = "<group>"; };
		EA4D025C1C9FD979009A73F7 /* FLYCellModel.h */ = {isa = PBXFileReference; fileEncoding = 4; lastKnownFileType = sourcecode.c.h; path = FLYCellModel.h; sourceTree = "<group>"; };
		EA4D025D1C9FD979009A73F7 /* FLYCellModel.m */ = {isa = PBXFileReference; fileEncoding = 4; lastKnownFileType = sourcecode.c.objc; path = FLYCellModel.m; sourceTree = "<group>"; };
		EA4D025E1C9FD979009A73F7 /* FLYFormModel.h */ = {isa = PBXFileReference; fileEncoding = 4; lastKnownFileType = sourcecode.c.h; path = FLYFormModel.h; sourceTree = "<group>"; };
		EA4D025F1C9FD979009A73F7 /* FLYFormModel.m */ = {isa = PBXFileReference; fileEncoding = 4; lastKnownFileType = sourcecode.c.objc; path = FLYFormModel.m; sourceTree = "<group>"; };
		EA4D02601C9FD979009A73F7 /* FLYSectionModel.h */ = {isa = PBXFileReference; fileEncoding = 4; lastKnownFileType = sourcecode.c.h; path = FLYSectionModel.h; sourceTree = "<group>"; };
		EA4D02611C9FD979009A73F7 /* FLYSectionModel.m */ = {isa = PBXFileReference; fileEncoding = 4; lastKnownFileType = sourcecode.c.objc; path = FLYSectionModel.m; sourceTree = "<group>"; };
		EA4D02631C9FD979009A73F7 /* FLYFormParser.h */ = {isa = PBXFileReference; fileEncoding = 4; lastKnownFileType = sourcecode.c.h; path = FLYFormParser.h; sourceTree = "<group>"; };
		EA4D02641C9FD979009A73F7 /* FLYFormParser.m */ = {isa = PBXFileReference; fileEncoding = 4; lastKnownFileType = sourcecode.c.objc; path = FLYFormParser.m; sourceTree = "<group>"; };
		EA4D02651C9FD979009A73F7 /* TBXML.h */ = {isa = PBXFileReference; fileEncoding = 4; lastKnownFileType = sourcecode.c.h; path = TBXML.h; sourceTree = "<group>"; };
		EA4D02661C9FD979009A73F7 /* TBXML.m */ = {isa = PBXFileReference; fileEncoding = 4; lastKnownFileType = sourcecode.c.objc; path = TBXML.m; sourceTree = "<group>"; };
		EA4D02681C9FD979009A73F7 /* FLYFormForwardProtocol.h */ = {isa = PBXFileReference; fileEncoding = 4; lastKnownFileType = sourcecode.c.h; path = FLYFormForwardProtocol.h; sourceTree = "<group>"; };
		EA4D02691C9FD979009A73F7 /* FLYFormValidatorProtocol.h */ = {isa = PBXFileReference; fileEncoding = 4; lastKnownFileType = sourcecode.c.h; path = FLYFormValidatorProtocol.h; sourceTree = "<group>"; };
		EA4D02841C9FDD0B009A73F7 /* UIColor+Hex.h */ = {isa = PBXFileReference; fileEncoding = 4; lastKnownFileType = sourcecode.c.h; path = "UIColor+Hex.h"; sourceTree = "<group>"; };
		EA4D02851C9FDD0B009A73F7 /* UIColor+Hex.m */ = {isa = PBXFileReference; fileEncoding = 4; lastKnownFileType = sourcecode.c.objc; path = "UIColor+Hex.m"; sourceTree = "<group>"; };
		EA4D02871C9FDFB5009A73F7 /* FLYForm-PrefixHeader.pch */ = {isa = PBXFileReference; lastKnownFileType = sourcecode.c.h; path = "FLYForm-PrefixHeader.pch"; sourceTree = "<group>"; };
		EA4D02AD1C9FE64A009A73F7 /* HJCAdjustNumButton.bundle */ = {isa = PBXFileReference; lastKnownFileType = "wrapper.plug-in"; path = HJCAdjustNumButton.bundle; sourceTree = "<group>"; };
		EA4D02AE1C9FE64A009A73F7 /* HJCAjustNumButton.h */ = {isa = PBXFileReference; fileEncoding = 4; lastKnownFileType = sourcecode.c.h; path = HJCAjustNumButton.h; sourceTree = "<group>"; };
		EA4D02AF1C9FE64A009A73F7 /* HJCAjustNumButton.m */ = {isa = PBXFileReference; fileEncoding = 4; lastKnownFileType = sourcecode.c.objc; path = HJCAjustNumButton.m; sourceTree = "<group>"; };
		EA4D02B11C9FE64A009A73F7 /* Info.plist */ = {isa = PBXFileReference; fileEncoding = 4; lastKnownFileType = text.plist.xml; path = Info.plist; sourceTree = "<group>"; };
		EA4D02B21C9FE64A009A73F7 /* MASCompositeConstraint.h */ = {isa = PBXFileReference; fileEncoding = 4; lastKnownFileType = sourcecode.c.h; path = MASCompositeConstraint.h; sourceTree = "<group>"; };
		EA4D02B31C9FE64A009A73F7 /* MASCompositeConstraint.m */ = {isa = PBXFileReference; fileEncoding = 4; lastKnownFileType = sourcecode.c.objc; path = MASCompositeConstraint.m; sourceTree = "<group>"; };
		EA4D02B41C9FE64A009A73F7 /* MASConstraint+Private.h */ = {isa = PBXFileReference; fileEncoding = 4; lastKnownFileType = sourcecode.c.h; path = "MASConstraint+Private.h"; sourceTree = "<group>"; };
		EA4D02B51C9FE64A009A73F7 /* MASConstraint.h */ = {isa = PBXFileReference; fileEncoding = 4; lastKnownFileType = sourcecode.c.h; path = MASConstraint.h; sourceTree = "<group>"; };
		EA4D02B61C9FE64A009A73F7 /* MASConstraint.m */ = {isa = PBXFileReference; fileEncoding = 4; lastKnownFileType = sourcecode.c.objc; path = MASConstraint.m; sourceTree = "<group>"; };
		EA4D02B71C9FE64A009A73F7 /* MASConstraintMaker.h */ = {isa = PBXFileReference; fileEncoding = 4; lastKnownFileType = sourcecode.c.h; path = MASConstraintMaker.h; sourceTree = "<group>"; };
		EA4D02B81C9FE64A009A73F7 /* MASConstraintMaker.m */ = {isa = PBXFileReference; fileEncoding = 4; lastKnownFileType = sourcecode.c.objc; path = MASConstraintMaker.m; sourceTree = "<group>"; };
		EA4D02B91C9FE64A009A73F7 /* MASLayoutConstraint.h */ = {isa = PBXFileReference; fileEncoding = 4; lastKnownFileType = sourcecode.c.h; path = MASLayoutConstraint.h; sourceTree = "<group>"; };
		EA4D02BA1C9FE64A009A73F7 /* MASLayoutConstraint.m */ = {isa = PBXFileReference; fileEncoding = 4; lastKnownFileType = sourcecode.c.objc; path = MASLayoutConstraint.m; sourceTree = "<group>"; };
		EA4D02BB1C9FE64A009A73F7 /* Masonry.h */ = {isa = PBXFileReference; fileEncoding = 4; lastKnownFileType = sourcecode.c.h; path = Masonry.h; sourceTree = "<group>"; };
		EA4D02BC1C9FE64A009A73F7 /* MASUtilities.h */ = {isa = PBXFileReference; fileEncoding = 4; lastKnownFileType = sourcecode.c.h; path = MASUtilities.h; sourceTree = "<group>"; };
		EA4D02BD1C9FE64A009A73F7 /* MASViewAttribute.h */ = {isa = PBXFileReference; fileEncoding = 4; lastKnownFileType = sourcecode.c.h; path = MASViewAttribute.h; sourceTree = "<group>"; };
		EA4D02BE1C9FE64A009A73F7 /* MASViewAttribute.m */ = {isa = PBXFileReference; fileEncoding = 4; lastKnownFileType = sourcecode.c.objc; path = MASViewAttribute.m; sourceTree = "<group>"; };
		EA4D02BF1C9FE64A009A73F7 /* MASViewConstraint.h */ = {isa = PBXFileReference; fileEncoding = 4; lastKnownFileType = sourcecode.c.h; path = MASViewConstraint.h; sourceTree = "<group>"; };
		EA4D02C01C9FE64A009A73F7 /* MASViewConstraint.m */ = {isa = PBXFileReference; fileEncoding = 4; lastKnownFileType = sourcecode.c.objc; path = MASViewConstraint.m; sourceTree = "<group>"; };
		EA4D02C11C9FE64A009A73F7 /* NSArray+MASAdditions.h */ = {isa = PBXFileReference; fileEncoding = 4; lastKnownFileType = sourcecode.c.h; path = "NSArray+MASAdditions.h"; sourceTree = "<group>"; };
		EA4D02C21C9FE64A009A73F7 /* NSArray+MASAdditions.m */ = {isa = PBXFileReference; fileEncoding = 4; lastKnownFileType = sourcecode.c.objc; path = "NSArray+MASAdditions.m"; sourceTree = "<group>"; };
		EA4D02C31C9FE64A009A73F7 /* NSArray+MASShorthandAdditions.h */ = {isa = PBXFileReference; fileEncoding = 4; lastKnownFileType = sourcecode.c.h; path = "NSArray+MASShorthandAdditions.h"; sourceTree = "<group>"; };
		EA4D02C41C9FE64A009A73F7 /* NSLayoutConstraint+MASDebugAdditions.h */ = {isa = PBXFileReference; fileEncoding = 4; lastKnownFileType = sourcecode.c.h; path = "NSLayoutConstraint+MASDebugAdditions.h"; sourceTree = "<group>"; };
		EA4D02C51C9FE64A009A73F7 /* NSLayoutConstraint+MASDebugAdditions.m */ = {isa = PBXFileReference; fileEncoding = 4; lastKnownFileType = sourcecode.c.objc; path = "NSLayoutConstraint+MASDebugAdditions.m"; sourceTree = "<group>"; };
		EA4D02C61C9FE64A009A73F7 /* View+MASAdditions.h */ = {isa = PBXFileReference; fileEncoding = 4; lastKnownFileType = sourcecode.c.h; path = "View+MASAdditions.h"; sourceTree = "<group>"; };
		EA4D02C71C9FE64A009A73F7 /* View+MASAdditions.m */ = {isa = PBXFileReference; fileEncoding = 4; lastKnownFileType = sourcecode.c.objc; path = "View+MASAdditions.m"; sourceTree = "<group>"; };
		EA4D02C81C9FE64A009A73F7 /* View+MASShorthandAdditions.h */ = {isa = PBXFileReference; fileEncoding = 4; lastKnownFileType = sourcecode.c.h; path = "View+MASShorthandAdditions.h"; sourceTree = "<group>"; };
		EA4D02D61CA01CEE009A73F7 /* FLYValidateCard.h */ = {isa = PBXFileReference; fileEncoding = 4; lastKnownFileType = sourcecode.c.h; path = FLYValidateCard.h; sourceTree = "<group>"; };
		EA4D02D71CA01CEE009A73F7 /* FLYValidateCard.m */ = {isa = PBXFileReference; fileEncoding = 4; lastKnownFileType = sourcecode.c.objc; path = FLYValidateCard.m; sourceTree = "<group>"; };
		EA4D02D81CA01CEE009A73F7 /* FLYValidateCarNo.h */ = {isa = PBXFileReference; fileEncoding = 4; lastKnownFileType = sourcecode.c.h; path = FLYValidateCarNo.h; sourceTree = "<group>"; };
		EA4D02D91CA01CEE009A73F7 /* FLYValidateCarNo.m */ = {isa = PBXFileReference; fileEncoding = 4; lastKnownFileType = sourcecode.c.objc; path = FLYValidateCarNo.m; sourceTree = "<group>"; };
		EA4D02DA1CA01CEE009A73F7 /* FLYValidateDecimals.h */ = {isa = PBXFileReference; fileEncoding = 4; lastKnownFileType = sourcecode.c.h; path = FLYValidateDecimals.h; sourceTree = "<group>"; };
		EA4D02DB1CA01CEE009A73F7 /* FLYValidateDecimals.m */ = {isa = PBXFileReference; fileEncoding = 4; lastKnownFileType = sourcecode.c.objc; path = FLYValidateDecimals.m; sourceTree = "<group>"; };
		EA4D02DC1CA01CEE009A73F7 /* FLYValidateEmail.h */ = {isa = PBXFileReference; fileEncoding = 4; lastKnownFileType = sourcecode.c.h; path = FLYValidateEmail.h; sourceTree = "<group>"; };
		EA4D02DD1CA01CEE009A73F7 /* FLYValidateEmail.m */ = {isa = PBXFileReference; fileEncoding = 4; lastKnownFileType = sourcecode.c.objc; path = FLYValidateEmail.m; sourceTree = "<group>"; };
		EA4D02DE1CA01CEE009A73F7 /* FLYValidateMobile.h */ = {isa = PBXFileReference; fileEncoding = 4; lastKnownFileType = sourcecode.c.h; path = FLYValidateMobile.h; sourceTree = "<group>"; };
		EA4D02DF1CA01CEE009A73F7 /* FLYValidateMobile.m */ = {isa = PBXFileReference; fileEncoding = 4; lastKnownFileType = sourcecode.c.objc; path = FLYValidateMobile.m; sourceTree = "<group>"; };
		EA4D02E01CA01CEE009A73F7 /* FLYValidateMust.h */ = {isa = PBXFileReference; fileEncoding = 4; lastKnownFileType = sourcecode.c.h; path = FLYValidateMust.h; sourceTree = "<group>"; };
		EA4D02E11CA01CEE009A73F7 /* FLYValidateMust.m */ = {isa = PBXFileReference; fileEncoding = 4; lastKnownFileType = sourcecode.c.objc; path = FLYValidateMust.m; sourceTree = "<group>"; };
		EA4D02E21CA01CEE009A73F7 /* FLYValidateNumber.h */ = {isa = PBXFileReference; fileEncoding = 4; lastKnownFileType = sourcecode.c.h; path = FLYValidateNumber.h; sourceTree = "<group>"; };
		EA4D02E31CA01CEE009A73F7 /* FLYValidateNumber.m */ = {isa = PBXFileReference; fileEncoding = 4; lastKnownFileType = sourcecode.c.objc; path = FLYValidateNumber.m; sourceTree = "<group>"; };
		EA4D02E41CA01CEE009A73F7 /* FLYValidateQQ.h */ = {isa = PBXFileReference; fileEncoding = 4; lastKnownFileType = sourcecode.c.h; path = FLYValidateQQ.h; sourceTree = "<group>"; };
		EA4D02E51CA01CEE009A73F7 /* FLYValidateQQ.m */ = {isa = PBXFileReference; fileEncoding = 4; lastKnownFileType = sourcecode.c.objc; path = FLYValidateQQ.m; sourceTree = "<group>"; };
		EA4D02E61CA01CEE009A73F7 /* FLYValidateTel.h */ = {isa = PBXFileReference; fileEncoding = 4; lastKnownFileType = sourcecode.c.h; path = FLYValidateTel.h; sourceTree = "<group>"; };
		EA4D02E71CA01CEE009A73F7 /* FLYValidateTel.m */ = {isa = PBXFileReference; fileEncoding = 4; lastKnownFileType = sourcecode.c.objc; path = FLYValidateTel.m; sourceTree = "<group>"; };
		EA4D02E81CA01CEE009A73F7 /* FLYValidateURL.h */ = {isa = PBXFileReference; fileEncoding = 4; lastKnownFileType = sourcecode.c.h; path = FLYValidateURL.h; sourceTree = "<group>"; };
		EA4D02E91CA01CEE009A73F7 /* FLYValidateURL.m */ = {isa = PBXFileReference; fileEncoding = 4; lastKnownFileType = sourcecode.c.objc; path = FLYValidateURL.m; sourceTree = "<group>"; };
		EA4D02F41CA0D94D009A73F7 /* DefaultSection.h */ = {isa = PBXFileReference; fileEncoding = 4; lastKnownFileType = sourcecode.c.h; path = DefaultSection.h; sourceTree = "<group>"; };
		EA4D02F51CA0D94D009A73F7 /* DefaultSection.m */ = {isa = PBXFileReference; fileEncoding = 4; lastKnownFileType = sourcecode.c.objc; path = DefaultSection.m; sourceTree = "<group>"; };
		EA4D02F71CA0DAC5009A73F7 /* SaveSectionView.h */ = {isa = PBXFileReference; fileEncoding = 4; lastKnownFileType = sourcecode.c.h; path = SaveSectionView.h; sourceTree = "<group>"; };
		EA4D02F81CA0DAC5009A73F7 /* SaveSectionView.m */ = {isa = PBXFileReference; fileEncoding = 4; lastKnownFileType = sourcecode.c.objc; path = SaveSectionView.m; sourceTree = "<group>"; };
/* End PBXFileReference section */

/* Begin PBXFrameworksBuildPhase section */
		EA4D01AA1C9FD5A7009A73F7 /* Frameworks */ = {
			isa = PBXFrameworksBuildPhase;
			buildActionMask = 2147483647;
			files = (
			);
			runOnlyForDeploymentPostprocessing = 0;
		};
/* End PBXFrameworksBuildPhase section */

/* Begin PBXGroup section */
		EA4D01A41C9FD5A7009A73F7 = {
			isa = PBXGroup;
			children = (
				EA4D02351C9FD979009A73F7 /* FLYForm */,
				EA4D01AF1C9FD5A7009A73F7 /* FlyFormDemo */,
				EA4D01AE1C9FD5A7009A73F7 /* Products */,
			);
			sourceTree = "<group>";
		};
		EA4D01AE1C9FD5A7009A73F7 /* Products */ = {
			isa = PBXGroup;
			children = (
				EA4D01AD1C9FD5A7009A73F7 /* FlyFormDemo.app */,
			);
			name = Products;
			sourceTree = "<group>";
		};
		EA4D01AF1C9FD5A7009A73F7 /* FlyFormDemo */ = {
			isa = PBXGroup;
			children = (
				EA4D01B31C9FD5A7009A73F7 /* AppDelegate.h */,
				EA4D01B41C9FD5A7009A73F7 /* AppDelegate.m */,
				EA4D01B61C9FD5A7009A73F7 /* ViewController.h */,
				EA4D01B71C9FD5A7009A73F7 /* ViewController.m */,
				EA4D01B91C9FD5A7009A73F7 /* Main.storyboard */,
				EA4D01BC1C9FD5A7009A73F7 /* Assets.xcassets */,
				EA4D01BE1C9FD5A7009A73F7 /* LaunchScreen.storyboard */,
				EA4D01C11C9FD5A7009A73F7 /* Info.plist */,
				EA4D01B01C9FD5A7009A73F7 /* Supporting Files */,
			);
			path = FlyFormDemo;
			sourceTree = "<group>";
		};
		EA4D01B01C9FD5A7009A73F7 /* Supporting Files */ = {
			isa = PBXGroup;
			children = (
				EA4D01B11C9FD5A7009A73F7 /* main.m */,
				EA4D02871C9FDFB5009A73F7 /* FLYForm-PrefixHeader.pch */,
			);
			name = "Supporting Files";
			sourceTree = "<group>";
		};
		EA4D02351C9FD979009A73F7 /* FLYForm */ = {
			isa = PBXGroup;
			children = (
				EA4D02391C9FD979009A73F7 /* Cell */,
				EA4D025B1C9FD979009A73F7 /* Model */,
				EA4D02621C9FD979009A73F7 /* Parser */,
				EA4D02361C9FD979009A73F7 /* Categories */,
				EA4D02671C9FD979009A73F7 /* Protocol */,
				EA4D02D51CA01CEE009A73F7 /* Validate */,
				EA4D02AB1C9FE64A009A73F7 /* Third-Party */,
				EA4D02511C9FD979009A73F7 /* FLYForm.h */,
				EA4D02531C9FD979009A73F7 /* FLYForm.m */,
				EA4D02591C9FD979009A73F7 /* FLYFormTableController.h */,
				EA4D025A1C9FD979009A73F7 /* FLYFormTableController.m */,
				EA4D02541C9FD979009A73F7 /* FLYForm.OptionSingleData.plist */,
				EA4D02581C9FD979009A73F7 /* FLYForm.xml */,
			);
			path = FLYForm;
			sourceTree = "<group>";
		};
		EA4D02361C9FD979009A73F7 /* Categories */ = {
			isa = PBXGroup;
			children = (
				EA4D02841C9FDD0B009A73F7 /* UIColor+Hex.h */,
				EA4D02851C9FDD0B009A73F7 /* UIColor+Hex.m */,
				EA4D02371C9FD979009A73F7 /* NSString+NSStringEx.h */,
				EA4D02381C9FD979009A73F7 /* NSString+NSStringEx.m */,
			);
			path = Categories;
			sourceTree = "<group>";
		};
		EA4D02391C9FD979009A73F7 /* Cell */ = {
			isa = PBXGroup;
			children = (
				EA4D023A1C9FD979009A73F7 /* FLYFormDatePickerCell.h */,
				EA4D023B1C9FD979009A73F7 /* FLYFormDatePickerCell.m */,
				EA4D023C1C9FD979009A73F7 /* FLYFormGeneralCell.h */,
				EA4D023D1C9FD979009A73F7 /* FLYFormGeneralCell.m */,
				EA4D023E1C9FD979009A73F7 /* FLYFormInputCell.h */,
				EA4D023F1C9FD979009A73F7 /* FLYFormInputCell.m */,
				EA4D02401C9FD979009A73F7 /* FLYFormPickerCell.h */,
				EA4D02411C9FD979009A73F7 /* FLYFormPickerCell.m */,
				EA4D024C1C9FD979009A73F7 /* FLYTableViewCell.h */,
				EA4D024D1C9FD979009A73F7 /* FLYTableViewCell.m */,
				EA4D024E1C9FD979009A73F7 /* XJNumCell.h */,
				EA4D024F1C9FD979009A73F7 /* XJNumCell.m */,
				EA4D02F41CA0D94D009A73F7 /* DefaultSection.h */,
				EA4D02F51CA0D94D009A73F7 /* DefaultSection.m */,
				EA4D02F71CA0DAC5009A73F7 /* SaveSectionView.h */,
				EA4D02F81CA0DAC5009A73F7 /* SaveSectionView.m */,
			);
			path = Cell;
			sourceTree = "<group>";
		};
		EA4D025B1C9FD979009A73F7 /* Model */ = {
			isa = PBXGroup;
			children = (
				EA4D025C1C9FD979009A73F7 /* FLYCellModel.h */,
				EA4D025D1C9FD979009A73F7 /* FLYCellModel.m */,
				EA4D025E1C9FD979009A73F7 /* FLYFormModel.h */,
				EA4D025F1C9FD979009A73F7 /* FLYFormModel.m */,
				EA4D02601C9FD979009A73F7 /* FLYSectionModel.h */,
				EA4D02611C9FD979009A73F7 /* FLYSectionModel.m */,
			);
			path = Model;
			sourceTree = "<group>";
		};
		EA4D02621C9FD979009A73F7 /* Parser */ = {
			isa = PBXGroup;
			children = (
				EA4D02631C9FD979009A73F7 /* FLYFormParser.h */,
				EA4D02641C9FD979009A73F7 /* FLYFormParser.m */,
				EA4D02651C9FD979009A73F7 /* TBXML.h */,
				EA4D02661C9FD979009A73F7 /* TBXML.m */,
			);
			path = Parser;
			sourceTree = "<group>";
		};
		EA4D02671C9FD979009A73F7 /* Protocol */ = {
			isa = PBXGroup;
			children = (
				EA4D02681C9FD979009A73F7 /* FLYFormForwardProtocol.h */,
				EA4D02691C9FD979009A73F7 /* FLYFormValidatorProtocol.h */,
			);
			path = Protocol;
			sourceTree = "<group>";
		};
		EA4D02AB1C9FE64A009A73F7 /* Third-Party */ = {
			isa = PBXGroup;
			children = (
				EA4D02AC1C9FE64A009A73F7 /* HJCAdjustNumButton */,
				EA4D02B01C9FE64A009A73F7 /* Masonry */,
			);
			path = "Third-Party";
			sourceTree = "<group>";
		};
		EA4D02AC1C9FE64A009A73F7 /* HJCAdjustNumButton */ = {
			isa = PBXGroup;
			children = (
				EA4D02AD1C9FE64A009A73F7 /* HJCAdjustNumButton.bundle */,
				EA4D02AE1C9FE64A009A73F7 /* HJCAjustNumButton.h */,
				EA4D02AF1C9FE64A009A73F7 /* HJCAjustNumButton.m */,
			);
			path = HJCAdjustNumButton;
			sourceTree = "<group>";
		};
		EA4D02B01C9FE64A009A73F7 /* Masonry */ = {
			isa = PBXGroup;
			children = (
				EA4D02B11C9FE64A009A73F7 /* Info.plist */,
				EA4D02B21C9FE64A009A73F7 /* MASCompositeConstraint.h */,
				EA4D02B31C9FE64A009A73F7 /* MASCompositeConstraint.m */,
				EA4D02B41C9FE64A009A73F7 /* MASConstraint+Private.h */,
				EA4D02B51C9FE64A009A73F7 /* MASConstraint.h */,
				EA4D02B61C9FE64A009A73F7 /* MASConstraint.m */,
				EA4D02B71C9FE64A009A73F7 /* MASConstraintMaker.h */,
				EA4D02B81C9FE64A009A73F7 /* MASConstraintMaker.m */,
				EA4D02B91C9FE64A009A73F7 /* MASLayoutConstraint.h */,
				EA4D02BA1C9FE64A009A73F7 /* MASLayoutConstraint.m */,
				EA4D02BB1C9FE64A009A73F7 /* Masonry.h */,
				EA4D02BC1C9FE64A009A73F7 /* MASUtilities.h */,
				EA4D02BD1C9FE64A009A73F7 /* MASViewAttribute.h */,
				EA4D02BE1C9FE64A009A73F7 /* MASViewAttribute.m */,
				EA4D02BF1C9FE64A009A73F7 /* MASViewConstraint.h */,
				EA4D02C01C9FE64A009A73F7 /* MASViewConstraint.m */,
				EA4D02C11C9FE64A009A73F7 /* NSArray+MASAdditions.h */,
				EA4D02C21C9FE64A009A73F7 /* NSArray+MASAdditions.m */,
				EA4D02C31C9FE64A009A73F7 /* NSArray+MASShorthandAdditions.h */,
				EA4D02C41C9FE64A009A73F7 /* NSLayoutConstraint+MASDebugAdditions.h */,
				EA4D02C51C9FE64A009A73F7 /* NSLayoutConstraint+MASDebugAdditions.m */,
				EA4D02C61C9FE64A009A73F7 /* View+MASAdditions.h */,
				EA4D02C71C9FE64A009A73F7 /* View+MASAdditions.m */,
				EA4D02C81C9FE64A009A73F7 /* View+MASShorthandAdditions.h */,
			);
			path = Masonry;
			sourceTree = "<group>";
		};
		EA4D02D51CA01CEE009A73F7 /* Validate */ = {
			isa = PBXGroup;
			children = (
				EA4D02D61CA01CEE009A73F7 /* FLYValidateCard.h */,
				EA4D02D71CA01CEE009A73F7 /* FLYValidateCard.m */,
				EA4D02D81CA01CEE009A73F7 /* FLYValidateCarNo.h */,
				EA4D02D91CA01CEE009A73F7 /* FLYValidateCarNo.m */,
				EA4D02DA1CA01CEE009A73F7 /* FLYValidateDecimals.h */,
				EA4D02DB1CA01CEE009A73F7 /* FLYValidateDecimals.m */,
				EA4D02DC1CA01CEE009A73F7 /* FLYValidateEmail.h */,
				EA4D02DD1CA01CEE009A73F7 /* FLYValidateEmail.m */,
				EA4D02DE1CA01CEE009A73F7 /* FLYValidateMobile.h */,
				EA4D02DF1CA01CEE009A73F7 /* FLYValidateMobile.m */,
				EA4D02E01CA01CEE009A73F7 /* FLYValidateMust.h */,
				EA4D02E11CA01CEE009A73F7 /* FLYValidateMust.m */,
				EA4D02E21CA01CEE009A73F7 /* FLYValidateNumber.h */,
				EA4D02E31CA01CEE009A73F7 /* FLYValidateNumber.m */,
				EA4D02E41CA01CEE009A73F7 /* FLYValidateQQ.h */,
				EA4D02E51CA01CEE009A73F7 /* FLYValidateQQ.m */,
				EA4D02E61CA01CEE009A73F7 /* FLYValidateTel.h */,
				EA4D02E71CA01CEE009A73F7 /* FLYValidateTel.m */,
				EA4D02E81CA01CEE009A73F7 /* FLYValidateURL.h */,
				EA4D02E91CA01CEE009A73F7 /* FLYValidateURL.m */,
			);
			path = Validate;
			sourceTree = "<group>";
		};
/* End PBXGroup section */

/* Begin PBXNativeTarget section */
		EA4D01AC1C9FD5A7009A73F7 /* FlyFormDemo */ = {
			isa = PBXNativeTarget;
			buildConfigurationList = EA4D01C41C9FD5A7009A73F7 /* Build configuration list for PBXNativeTarget "FlyFormDemo" */;
			buildPhases = (
				EA4D01A91C9FD5A7009A73F7 /* Sources */,
				EA4D01AA1C9FD5A7009A73F7 /* Frameworks */,
				EA4D01AB1C9FD5A7009A73F7 /* Resources */,
			);
			buildRules = (
			);
			dependencies = (
			);
			name = FlyFormDemo;
			productName = FlyFormDemo;
			productReference = EA4D01AD1C9FD5A7009A73F7 /* FlyFormDemo.app */;
			productType = "com.apple.product-type.application";
		};
/* End PBXNativeTarget section */

/* Begin PBXProject section */
		EA4D01A51C9FD5A7009A73F7 /* Project object */ = {
			isa = PBXProject;
			attributes = {
				LastUpgradeCheck = 0720;
				ORGANIZATIONNAME = "刚子";
				TargetAttributes = {
					EA4D01AC1C9FD5A7009A73F7 = {
						CreatedOnToolsVersion = 7.2.1;
					};
				};
			};
			buildConfigurationList = EA4D01A81C9FD5A7009A73F7 /* Build configuration list for PBXProject "FlyFormDemo" */;
			compatibilityVersion = "Xcode 3.2";
			developmentRegion = English;
			hasScannedForEncodings = 0;
			knownRegions = (
				en,
				Base,
			);
			mainGroup = EA4D01A41C9FD5A7009A73F7;
			productRefGroup = EA4D01AE1C9FD5A7009A73F7 /* Products */;
			projectDirPath = "";
			projectRoot = "";
			targets = (
				EA4D01AC1C9FD5A7009A73F7 /* FlyFormDemo */,
			);
		};
/* End PBXProject section */

/* Begin PBXResourcesBuildPhase section */
		EA4D01AB1C9FD5A7009A73F7 /* Resources */ = {
			isa = PBXResourcesBuildPhase;
			buildActionMask = 2147483647;
			files = (
				EA4D01C01C9FD5A7009A73F7 /* LaunchScreen.storyboard in Resources */,
				EA4D02C91C9FE64A009A73F7 /* HJCAdjustNumButton.bundle in Resources */,
				EA4D01BD1C9FD5A7009A73F7 /* Assets.xcassets in Resources */,
				EA4D027D1C9FD979009A73F7 /* FLYForm.xml in Resources */,
				EA4D02791C9FD979009A73F7 /* FLYForm.OptionSingleData.plist in Resources */,
				EA4D01BB1C9FD5A7009A73F7 /* Main.storyboard in Resources */,
				EA4D02CB1C9FE64A009A73F7 /* Info.plist in Resources */,
			);
			runOnlyForDeploymentPostprocessing = 0;
		};
/* End PBXResourcesBuildPhase section */

/* Begin PBXSourcesBuildPhase section */
		EA4D01A91C9FD5A7009A73F7 /* Sources */ = {
			isa = PBXSourcesBuildPhase;
			buildActionMask = 2147483647;
			files = (
				EA4D02D21C9FE64A009A73F7 /* NSArray+MASAdditions.m in Sources */,
				EA4D02EB1CA01CEE009A73F7 /* FLYValidateCarNo.m in Sources */,
				EA4D02EE1CA01CEE009A73F7 /* FLYValidateMobile.m in Sources */,
				EA4D02F91CA0DAC5009A73F7 /* SaveSectionView.m in Sources */,
				EA4D02F31CA01CEE009A73F7 /* FLYValidateURL.m in Sources */,
				EA4D02831C9FD979009A73F7 /* TBXML.m in Sources */,
				EA4D02751C9FD979009A73F7 /* XJNumCell.m in Sources */,
				EA4D02CA1C9FE64A009A73F7 /* HJCAjustNumButton.m in Sources */,
				EA4D02D41C9FE64A009A73F7 /* View+MASAdditions.m in Sources */,
				EA4D01B81C9FD5A7009A73F7 /* ViewController.m in Sources */,
				EA4D02D01C9FE64A009A73F7 /* MASViewAttribute.m in Sources */,
				EA4D02801C9FD979009A73F7 /* FLYFormModel.m in Sources */,
				EA4D026A1C9FD979009A73F7 /* NSString+NSStringEx.m in Sources */,
				EA4D02ED1CA01CEE009A73F7 /* FLYValidateEmail.m in Sources */,
				EA4D02CF1C9FE64A009A73F7 /* MASLayoutConstraint.m in Sources */,
				EA4D02CC1C9FE64A009A73F7 /* MASCompositeConstraint.m in Sources */,
				EA4D02F61CA0D94D009A73F7 /* DefaultSection.m in Sources */,
				EA4D02D11C9FE64A009A73F7 /* MASViewConstraint.m in Sources */,
				EA4D02781C9FD979009A73F7 /* FLYForm.m in Sources */,
				EA4D02F21CA01CEE009A73F7 /* FLYValidateTel.m in Sources */,
				EA4D02CD1C9FE64A009A73F7 /* MASConstraint.m in Sources */,
				EA4D02F11CA01CEE009A73F7 /* FLYValidateQQ.m in Sources */,
				EA4D02EC1CA01CEE009A73F7 /* FLYValidateDecimals.m in Sources */,
				EA4D01B51C9FD5A7009A73F7 /* AppDelegate.m in Sources */,
				EA4D02F01CA01CEE009A73F7 /* FLYValidateNumber.m in Sources */,
				EA4D026E1C9FD979009A73F7 /* FLYFormPickerCell.m in Sources */,
				EA4D02EF1CA01CEE009A73F7 /* FLYValidateMust.m in Sources */,
				EA4D02741C9FD979009A73F7 /* FLYTableViewCell.m in Sources */,
				EA4D026D1C9FD979009A73F7 /* FLYFormInputCell.m in Sources */,
				EA4D02861C9FDD0B009A73F7 /* UIColor+Hex.m in Sources */,
				EA4D027F1C9FD979009A73F7 /* FLYCellModel.m in Sources */,
				EA4D02821C9FD979009A73F7 /* FLYFormParser.m in Sources */,
				EA4D02EA1CA01CEE009A73F7 /* FLYValidateCard.m in Sources */,
				EA4D02811C9FD979009A73F7 /* FLYSectionModel.m in Sources */,
				EA4D026B1C9FD979009A73F7 /* FLYFormDatePickerCell.m in Sources */,
				EA4D02D31C9FE64A009A73F7 /* NSLayoutConstraint+MASDebugAdditions.m in Sources */,
				EA4D026C1C9FD979009A73F7 /* FLYFormGeneralCell.m in Sources */,
				EA4D01B21C9FD5A7009A73F7 /* main.m in Sources */,
				EA4D02CE1C9FE64A009A73F7 /* MASConstraintMaker.m in Sources */,
				EA4D027E1C9FD979009A73F7 /* FLYFormTableController.m in Sources */,
			);
			runOnlyForDeploymentPostprocessing = 0;
		};
/* End PBXSourcesBuildPhase section */

/* Begin PBXVariantGroup section */
		EA4D01B91C9FD5A7009A73F7 /* Main.storyboard */ = {
			isa = PBXVariantGroup;
			children = (
				EA4D01BA1C9FD5A7009A73F7 /* Base */,
			);
			name = Main.storyboard;
			sourceTree = "<group>";
		};
		EA4D01BE1C9FD5A7009A73F7 /* LaunchScreen.storyboard */ = {
			isa = PBXVariantGroup;
			children = (
				EA4D01BF1C9FD5A7009A73F7 /* Base */,
			);
			name = LaunchScreen.storyboard;
			sourceTree = "<group>";
		};
/* End PBXVariantGroup section */

/* Begin XCBuildConfiguration section */
		EA4D01C21C9FD5A7009A73F7 /* Debug */ = {
			isa = XCBuildConfiguration;
			buildSettings = {
				ALWAYS_SEARCH_USER_PATHS = NO;
				CLANG_CXX_LANGUAGE_STANDARD = "gnu++0x";
				CLANG_CXX_LIBRARY = "libc++";
				CLANG_ENABLE_MODULES = YES;
				CLANG_ENABLE_OBJC_ARC = YES;
				CLANG_WARN_BOOL_CONVERSION = YES;
				CLANG_WARN_CONSTANT_CONVERSION = YES;
				CLANG_WARN_DIRECT_OBJC_ISA_USAGE = YES_ERROR;
				CLANG_WARN_EMPTY_BODY = YES;
				CLANG_WARN_ENUM_CONVERSION = YES;
				CLANG_WARN_INT_CONVERSION = YES;
				CLANG_WARN_OBJC_ROOT_CLASS = YES_ERROR;
				CLANG_WARN_UNREACHABLE_CODE = YES;
				CLANG_WARN__DUPLICATE_METHOD_MATCH = YES;
				"CODE_SIGN_IDENTITY[sdk=iphoneos*]" = "iPhone Developer";
				COPY_PHASE_STRIP = NO;
				DEBUG_INFORMATION_FORMAT = dwarf;
				ENABLE_STRICT_OBJC_MSGSEND = YES;
				ENABLE_TESTABILITY = YES;
				GCC_C_LANGUAGE_STANDARD = gnu99;
				GCC_DYNAMIC_NO_PIC = NO;
				GCC_NO_COMMON_BLOCKS = YES;
				GCC_OPTIMIZATION_LEVEL = 0;
				GCC_PREPROCESSOR_DEFINITIONS = (
					"DEBUG=1",
					"$(inherited)",
				);
				GCC_WARN_64_TO_32_BIT_CONVERSION = YES;
				GCC_WARN_ABOUT_RETURN_TYPE = YES_ERROR;
				GCC_WARN_UNDECLARED_SELECTOR = YES;
				GCC_WARN_UNINITIALIZED_AUTOS = YES_AGGRESSIVE;
				GCC_WARN_UNUSED_FUNCTION = YES;
				GCC_WARN_UNUSED_VARIABLE = YES;
				IPHONEOS_DEPLOYMENT_TARGET = 9.2;
				MTL_ENABLE_DEBUG_INFO = YES;
				ONLY_ACTIVE_ARCH = YES;
				SDKROOT = iphoneos;
			};
			name = Debug;
		};
		EA4D01C31C9FD5A7009A73F7 /* Release */ = {
			isa = XCBuildConfiguration;
			buildSettings = {
				ALWAYS_SEARCH_USER_PATHS = NO;
				CLANG_CXX_LANGUAGE_STANDARD = "gnu++0x";
				CLANG_CXX_LIBRARY = "libc++";
				CLANG_ENABLE_MODULES = YES;
				CLANG_ENABLE_OBJC_ARC = YES;
				CLANG_WARN_BOOL_CONVERSION = YES;
				CLANG_WARN_CONSTANT_CONVERSION = YES;
				CLANG_WARN_DIRECT_OBJC_ISA_USAGE = YES_ERROR;
				CLANG_WARN_EMPTY_BODY = YES;
				CLANG_WARN_ENUM_CONVERSION = YES;
				CLANG_WARN_INT_CONVERSION = YES;
				CLANG_WARN_OBJC_ROOT_CLASS = YES_ERROR;
				CLANG_WARN_UNREACHABLE_CODE = YES;
				CLANG_WARN__DUPLICATE_METHOD_MATCH = YES;
				"CODE_SIGN_IDENTITY[sdk=iphoneos*]" = "iPhone Developer";
				COPY_PHASE_STRIP = NO;
				DEBUG_INFORMATION_FORMAT = "dwarf-with-dsym";
				ENABLE_NS_ASSERTIONS = NO;
				ENABLE_STRICT_OBJC_MSGSEND = YES;
				GCC_C_LANGUAGE_STANDARD = gnu99;
				GCC_NO_COMMON_BLOCKS = YES;
				GCC_WARN_64_TO_32_BIT_CONVERSION = YES;
				GCC_WARN_ABOUT_RETURN_TYPE = YES_ERROR;
				GCC_WARN_UNDECLARED_SELECTOR = YES;
				GCC_WARN_UNINITIALIZED_AUTOS = YES_AGGRESSIVE;
				GCC_WARN_UNUSED_FUNCTION = YES;
				GCC_WARN_UNUSED_VARIABLE = YES;
				IPHONEOS_DEPLOYMENT_TARGET = 9.2;
				MTL_ENABLE_DEBUG_INFO = NO;
				SDKROOT = iphoneos;
				VALIDATE_PRODUCT = YES;
			};
			name = Release;
		};
		EA4D01C51C9FD5A7009A73F7 /* Debug */ = {
			isa = XCBuildConfiguration;
			buildSettings = {
				ASSETCATALOG_COMPILER_APPICON_NAME = AppIcon;
				GCC_PREFIX_HEADER = "FlyFormDemo/FLYForm-PrefixHeader.pch";
				INFOPLIST_FILE = FlyFormDemo/Info.plist;
				LD_RUNPATH_SEARCH_PATHS = "$(inherited) @executable_path/Frameworks";
				PRODUCT_BUNDLE_IDENTIFIER = tony.demo.FlyFormDemo;
				PRODUCT_NAME = "$(TARGET_NAME)";
			};
			name = Debug;
		};
		EA4D01C61C9FD5A7009A73F7 /* Release */ = {
			isa = XCBuildConfiguration;
			buildSettings = {
				ASSETCATALOG_COMPILER_APPICON_NAME = AppIcon;
				GCC_PREFIX_HEADER = "FlyFormDemo/FLYForm-PrefixHeader.pch";
				INFOPLIST_FILE = FlyFormDemo/Info.plist;
				LD_RUNPATH_SEARCH_PATHS = "$(inherited) @executable_path/Frameworks";
				PRODUCT_BUNDLE_IDENTIFIER = tony.demo.FlyFormDemo;
				PRODUCT_NAME = "$(TARGET_NAME)";
			};
			name = Release;
		};
/* End XCBuildConfiguration section */

/* Begin XCConfigurationList section */
		EA4D01A81C9FD5A7009A73F7 /* Build configuration list for PBXProject "FlyFormDemo" */ = {
			isa = XCConfigurationList;
			buildConfigurations = (
				EA4D01C21C9FD5A7009A73F7 /* Debug */,
				EA4D01C31C9FD5A7009A73F7 /* Release */,
			);
			defaultConfigurationIsVisible = 0;
			defaultConfigurationName = Release;
		};
		EA4D01C41C9FD5A7009A73F7 /* Build configuration list for PBXNativeTarget "FlyFormDemo" */ = {
			isa = XCConfigurationList;
			buildConfigurations = (
				EA4D01C51C9FD5A7009A73F7 /* Debug */,
				EA4D01C61C9FD5A7009A73F7 /* Release */,
			);
			defaultConfigurationIsVisible = 0;
		};
/* End XCConfigurationList section */
	};
	rootObject = EA4D01A51C9FD5A7009A73F7 /* Project object */;
}
